
Microsoft Visual Studio Solution File, Format Version 12.00
# Visual Studio 2015
Project("{FAE04EC0-301F-11D3-BF4B-00C04F79EFBC}") = "Checkers Game", "Checkers Game.csproj", "{46F93E1C-1229-0C51-D035-EDF24857B4A1}"
EndProject
Project("{FAE04EC0-301F-11D3-BF4B-00C04F79EFBC}") = "Checkers Game.Editor", "Checkers Game.Editor.csproj", "{14A536DA-DD22-134F-D75C-18E45B94A1F5}"
EndProject
Global
	GlobalSection(SolutionConfigurationPlatforms) = preSolution
		Debug|Any CPU = Debug|Any CPU
		Release|Any CPU = Release|Any CPU
	EndGlobalSection
	GlobalSection(ProjectConfigurationPlatforms) = postSolution
		{46F93E1C-1229-0C51-D035-EDF24857B4A1}.Debug|Any CPU.ActiveCfg = Debug|Any CPU
		{46F93E1C-1229-0C51-D035-EDF24857B4A1}.Debug|Any CPU.Build.0 = Debug|Any CPU
		{46F93E1C-1229-0C51-D035-EDF24857B4A1}.Release|Any CPU.ActiveCfg = Release|Any CPU
		{46F93E1C-1229-0C51-D035-EDF24857B4A1}.Release|Any CPU.Build.0 = Release|Any CPU
		{14A536DA-DD22-134F-D75C-18E45B94A1F5}.Debug|Any CPU.ActiveCfg = Debug|Any CPU
		{14A536DA-DD22-134F-D75C-18E45B94A1F5}.Debug|Any CPU.Build.0 = Debug|Any CPU
		{14A536DA-DD22-134F-D75C-18E45B94A1F5}.Release|Any CPU.ActiveCfg = Release|Any CPU
		{14A536DA-DD22-134F-D75C-18E45B94A1F5}.Release|Any CPU.Build.0 = Release|Any CPU
	EndGlobalSection
	GlobalSection(SolutionProperties) = preSolution
		HideSolutionNode = FALSE
	EndGlobalSection
EndGlobal
